
Microsoft Visual Studio Solution File, Format Version 12.00
# Visual Studio Version 17
VisualStudioVersion = 17.3.32901.215
MinimumVisualStudioVersion = 10.0.40219.1
Project("{FAE04EC0-301F-11D3-BF4B-00C04F79EFBC}") = "geography", "geography\geography.csproj", "{88E41C35-1FA1-4E0F-8E06-ECF7921FA9E2}"
EndProject
Project("{FAE04EC0-301F-11D3-BF4B-00C04F79EFBC}") = "interface", "interface\interface.csproj", "{F7D145B4-7D9E-410D-AD91-B0E9F8BB2538}"
EndProject
Global
	GlobalSection(SolutionConfigurationPlatforms) = preSolution
		Debug|Any CPU = Debug|Any CPU
		Release|Any CPU = Release|Any CPU
	EndGlobalSection
	GlobalSection(ProjectConfigurationPlatforms) = postSolution
		{88E41C35-1FA1-4E0F-8E06-ECF7921FA9E2}.Debug|Any CPU.ActiveCfg = Debug|Any CPU
		{88E41C35-1FA1-4E0F-8E06-ECF7921FA9E2}.Debug|Any CPU.Build.0 = Debug|Any CPU
		{88E41C35-1FA1-4E0F-8E06-ECF7921FA9E2}.Release|Any CPU.ActiveCfg = Release|Any CPU
		{88E41C35-1FA1-4E0F-8E06-ECF7921FA9E2}.Release|Any CPU.Build.0 = Release|Any CPU
		{F7D145B4-7D9E-410D-AD91-B0E9F8BB2538}.Debug|Any CPU.ActiveCfg = Debug|Any CPU
		{F7D145B4-7D9E-410D-AD91-B0E9F8BB2538}.Debug|Any CPU.Build.0 = Debug|Any CPU
		{F7D145B4-7D9E-410D-AD91-B0E9F8BB2538}.Release|Any CPU.ActiveCfg = Release|Any CPU
		{F7D145B4-7D9E-410D-AD91-B0E9F8BB2538}.Release|Any CPU.Build.0 = Release|Any CPU
	EndGlobalSection
	GlobalSection(SolutionProperties) = preSolution
		HideSolutionNode = FALSE
	EndGlobalSection
	GlobalSection(ExtensibilityGlobals) = postSolution
		SolutionGuid = {EC0B384D-A557-4929-89EE-5CC42973B9C0}
	EndGlobalSection
EndGlobal
